
Microsoft Visual Studio Solution File, Format Version 12.00
# Visual Studio 2012
Project("{8BC9CEB8-8B4A-11D0-8D11-00A0C91BC942}") = "BattleshipClient", "BattleshipClient\BattleshipClient.vcxproj", "{E42E4A34-E27E-4A10-A77F-3B7B19390064}"
EndProject
Global
	GlobalSection(SolutionConfigurationPlatforms) = preSolution
		Debug|Win32 = Debug|Win32
		Release|Win32 = Release|Win32
	EndGlobalSection
	GlobalSection(ProjectConfigurationPlatforms) = postSolution
		{E42E4A34-E27E-4A10-A77F-3B7B19390064}.Debug|Win32.ActiveCfg = Debug|Win32
		{E42E4A34-E27E-4A10-A77F-3B7B19390064}.Debug|Win32.Build.0 = Debug|Win32
		{E42E4A34-E27E-4A10-A77F-3B7B19390064}.Release|Win32.ActiveCfg = Release|Win32
		{E42E4A34-E27E-4A10-A77F-3B7B19390064}.Release|Win32.Build.0 = Release|Win32
	EndGlobalSection
	GlobalSection(SolutionProperties) = preSolution
		HideSolutionNode = FALSE
	EndGlobalSection
EndGlobal
